
Microsoft Visual Studio Solution File, Format Version 12.00
# Visual Studio Version 17
VisualStudioVersion = 17.0.31903.59
MinimumVisualStudioVersion = 10.0.40219.1
Project("{FAE04EC0-301F-11D3-BF4B-00C04F79EFBC}") = "AspNetCore.Examples.Auth.Api", "AspNetCore.Examples.Auth.Api\AspNetCore.Examples.Auth.Api.csproj", "{9ECB1DC0-4A80-4EFB-948A-399CFE8D725F}"
EndProject
Global
	GlobalSection(SolutionConfigurationPlatforms) = preSolution
		Debug|Any CPU = Debug|Any CPU
		Release|Any CPU = Release|Any CPU
	EndGlobalSection
	GlobalSection(ProjectConfigurationPlatforms) = postSolution
		{9ECB1DC0-4A80-4EFB-948A-399CFE8D725F}.Debug|Any CPU.ActiveCfg = Debug|Any CPU
		{9ECB1DC0-4A80-4EFB-948A-399CFE8D725F}.Debug|Any CPU.Build.0 = Debug|Any CPU
		{9ECB1DC0-4A80-4EFB-948A-399CFE8D725F}.Release|Any CPU.ActiveCfg = Release|Any CPU
		{9ECB1DC0-4A80-4EFB-948A-399CFE8D725F}.Release|Any CPU.Build.0 = Release|Any CPU
	EndGlobalSection
	GlobalSection(SolutionProperties) = preSolution
		HideSolutionNode = FALSE
	EndGlobalSection
	GlobalSection(ExtensibilityGlobals) = postSolution
		SolutionGuid = {C8E44B14-A463-4F01-9B85-867CFB1B13AF}
	EndGlobalSection
EndGlobal
